// !$*UTF8*$!
{
	archiveVersion = 1;
	classes = {
	};
	objectVersion = 46;
	objects = {

/* Begin PBXBuildFile section */
		68C2DD611BD42393003604BF /* main.m in Sources */ = {isa = PBXBuildFile; fileRef = 68C2DD601BD42393003604BF /* main.m */; };
		68C2DD641BD42393003604BF /* AppDelegate.m in Sources */ = {isa = PBXBuildFile; fileRef = 68C2DD631BD42393003604BF /* AppDelegate.m */; };
		68C2DD671BD42393003604BF /* ViewController.m in Sources */ = {isa = PBXBuildFile; fileRef = 68C2DD661BD42393003604BF /* ViewController.m */; };
		68C2DD6A1BD42393003604BF /* Main.storyboard in Resources */ = {isa = PBXBuildFile; fileRef = 68C2DD681BD42393003604BF /* Main.storyboard */; };
		68C2DD6C1BD42393003604BF /* Assets.xcassets in Resources */ = {isa = PBXBuildFile; fileRef = 68C2DD6B1BD42393003604BF /* Assets.xcassets */; };
		68C2DD6F1BD42393003604BF /* LaunchScreen.storyboard in Resources */ = {isa = PBXBuildFile; fileRef = 68C2DD6D1BD42393003604BF /* LaunchScreen.storyboard */; };
		68C2DD771BD427FB003604BF /* AudioToolbox.framework in Frameworks */ = {isa = PBXBuildFile; fileRef = 68C2DD761BD427FB003604BF /* AudioToolbox.framework */; };
		68C2DD791BD42805003604BF /* CFNetwork.framework in Frameworks */ = {isa = PBXBuildFile; fileRef = 68C2DD781BD42805003604BF /* CFNetwork.framework */; };
		68C2DD7B1BD4280A003604BF /* CoreGraphics.framework in Frameworks */ = {isa = PBXBuildFile; fileRef = 68C2DD7A1BD4280A003604BF /* CoreGraphics.framework */; };
		68C2DD7D1BD4280F003604BF /* CoreLocation.framework in Frameworks */ = {isa = PBXBuildFile; fileRef = 68C2DD7C1BD4280F003604BF /* CoreLocation.framework */; };
		68C2DD7F1BD428D6003604BF /* QuartzCore.framework in Frameworks */ = {isa = PBXBuildFile; fileRef = 68C2DD7E1BD428D6003604BF /* QuartzCore.framework */; };
		68C2DD811BD428E0003604BF /* Security.framework in Frameworks */ = {isa = PBXBuildFile; fileRef = 68C2DD801BD428E0003604BF /* Security.framework */; };
		68C2DD831BD428E4003604BF /* StoreKit.framework in Frameworks */ = {isa = PBXBuildFile; fileRef = 68C2DD821BD428E4003604BF /* StoreKit.framework */; };
		68C2DD851BD428EC003604BF /* SystemConfiguration.framework in Frameworks */ = {isa = PBXBuildFile; fileRef = 68C2DD841BD428EC003604BF /* SystemConfiguration.framework */; };
		68C2DD871BD428F3003604BF /* libz.tbd in Frameworks */ = {isa = PBXBuildFile; fileRef = 68C2DD861BD428F3003604BF /* libz.tbd */; };
		68C2DD891BD428F9003604BF /* libsqlite3.tbd in Frameworks */ = {isa = PBXBuildFile; fileRef = 68C2DD881BD428F9003604BF /* libsqlite3.tbd */; };
		68C2DD8B1BD42911003604BF /* Parse.framework in Frameworks */ = {isa = PBXBuildFile; fileRef = 68C2DD8A1BD42911003604BF /* Parse.framework */; settings = {ASSET_TAGS = (); }; };
		68C2DD8D1BD42916003604BF /* Bolts.framework in Frameworks */ = {isa = PBXBuildFile; fileRef = 68C2DD8C1BD42916003604BF /* Bolts.framework */; settings = {ASSET_TAGS = (); }; };
/* End PBXBuildFile section */

/* Begin PBXFileReference section */
		68C2DD5C1BD42393003604BF /* Key Club.app */ = {isa = PBXFileReference; explicitFileType = wrapper.application; includeInIndex = 0; path = "Key Club.app"; sourceTree = BUILT_PRODUCTS_DIR; };
		68C2DD601BD42393003604BF /* main.m */ = {isa = PBXFileReference; lastKnownFileType = sourcecode.c.objc; path = main.m; sourceTree = "<group>"; };
		68C2DD621BD42393003604BF /* AppDelegate.h */ = {isa = PBXFileReference; lastKnownFileType = sourcecode.c.h; path = AppDelegate.h; sourceTree = "<group>"; };
		68C2DD631BD42393003604BF /* AppDelegate.m */ = {isa = PBXFileReference; lastKnownFileType = sourcecode.c.objc; path = AppDelegate.m; sourceTree = "<group>"; };
		68C2DD651BD42393003604BF /* ViewController.h */ = {isa = PBXFileReference; lastKnownFileType = sourcecode.c.h; path = ViewController.h; sourceTree = "<group>"; };
		68C2DD661BD42393003604BF /* ViewController.m */ = {isa = PBXFileReference; lastKnownFileType = sourcecode.c.objc; path = ViewController.m; sourceTree = "<group>"; };
		68C2DD691BD42393003604BF /* Base */ = {isa = PBXFileReference; lastKnownFileType = file.storyboard; name = Base; path = Base.lproj/Main.storyboard; sourceTree = "<group>"; };
		68C2DD6B1BD42393003604BF /* Assets.xcassets */ = {isa = PBXFileReference; lastKnownFileType = folder.assetcatalog; path = Assets.xcassets; sourceTree = "<group>"; };
		68C2DD6E1BD42393003604BF /* Base */ = {isa = PBXFileReference; lastKnownFileType = file.storyboard; name = Base; path = Base.lproj/LaunchScreen.storyboard; sourceTree = "<group>"; };
		68C2DD701BD42393003604BF /* Info.plist */ = {isa = PBXFileReference; lastKnownFileType = text.plist.xml; path = Info.plist; sourceTree = "<group>"; };
		68C2DD761BD427FB003604BF /* AudioToolbox.framework */ = {isa = PBXFileReference; lastKnownFileType = wrapper.framework; name = AudioToolbox.framework; path = System/Library/Frameworks/AudioToolbox.framework; sourceTree = SDKROOT; };
		68C2DD781BD42805003604BF /* CFNetwork.framework */ = {isa = PBXFileReference; lastKnownFileType = wrapper.framework; name = CFNetwork.framework; path = System/Library/Frameworks/CFNetwork.framework; sourceTree = SDKROOT; };
		68C2DD7A1BD4280A003604BF /* CoreGraphics.framework */ = {isa = PBXFileReference; lastKnownFileType = wrapper.framework; name = CoreGraphics.framework; path = System/Library/Frameworks/CoreGraphics.framework; sourceTree = SDKROOT; };
		68C2DD7C1BD4280F003604BF /* CoreLocation.framework */ = {isa = PBXFileReference; lastKnownFileType = wrapper.framework; name = CoreLocation.framework; path = System/Library/Frameworks/CoreLocation.framework; sourceTree = SDKROOT; };
		68C2DD7E1BD428D6003604BF /* QuartzCore.framework */ = {isa = PBXFileReference; lastKnownFileType = wrapper.framework; name = QuartzCore.framework; path = System/Library/Frameworks/QuartzCore.framework; sourceTree = SDKROOT; };
		68C2DD801BD428E0003604BF /* Security.framework */ = {isa = PBXFileReference; lastKnownFileType = wrapper.framework; name = Security.framework; path = System/Library/Frameworks/Security.framework; sourceTree = SDKROOT; };
		68C2DD821BD428E4003604BF /* StoreKit.framework */ = {isa = PBXFileReference; lastKnownFileType = wrapper.framework; name = StoreKit.framework; path = System/Library/Frameworks/StoreKit.framework; sourceTree = SDKROOT; };
		68C2DD841BD428EC003604BF /* SystemConfiguration.framework */ = {isa = PBXFileReference; lastKnownFileType = wrapper.framework; name = SystemConfiguration.framework; path = System/Library/Frameworks/SystemConfiguration.framework; sourceTree = SDKROOT; };
		68C2DD861BD428F3003604BF /* libz.tbd */ = {isa = PBXFileReference; lastKnownFileType = "sourcecode.text-based-dylib-definition"; name = libz.tbd; path = usr/lib/libz.tbd; sourceTree = SDKROOT; };
		68C2DD881BD428F9003604BF /* libsqlite3.tbd */ = {isa = PBXFileReference; lastKnownFileType = "sourcecode.text-based-dylib-definition"; name = libsqlite3.tbd; path = usr/lib/libsqlite3.tbd; sourceTree = SDKROOT; };
		68C2DD8A1BD42911003604BF /* Parse.framework */ = {isa = PBXFileReference; lastKnownFileType = wrapper.framework; path = Parse.framework; sourceTree = "<group>"; };
		68C2DD8C1BD42916003604BF /* Bolts.framework */ = {isa = PBXFileReference; lastKnownFileType = wrapper.framework; path = Bolts.framework; sourceTree = "<group>"; };
/* End PBXFileReference section */

/* Begin PBXFrameworksBuildPhase section */
		68C2DD591BD42393003604BF /* Frameworks */ = {
			isa = PBXFrameworksBuildPhase;
			buildActionMask = 2147483647;
			files = (
				68C2DD891BD428F9003604BF /* libsqlite3.tbd in Frameworks */,
				68C2DD871BD428F3003604BF /* libz.tbd in Frameworks */,
				68C2DD851BD428EC003604BF /* SystemConfiguration.framework in Frameworks */,
				68C2DD8D1BD42916003604BF /* Bolts.framework in Frameworks */,
				68C2DD831BD428E4003604BF /* StoreKit.framework in Frameworks */,
				68C2DD811BD428E0003604BF /* Security.framework in Frameworks */,
				68C2DD7F1BD428D6003604BF /* QuartzCore.framework in Frameworks */,
				68C2DD8B1BD42911003604BF /* Parse.framework in Frameworks */,
				68C2DD7D1BD4280F003604BF /* CoreLocation.framework in Frameworks */,
				68C2DD7B1BD4280A003604BF /* CoreGraphics.framework in Frameworks */,
				68C2DD791BD42805003604BF /* CFNetwork.framework in Frameworks */,
				68C2DD771BD427FB003604BF /* AudioToolbox.framework in Frameworks */,
			);
			runOnlyForDeploymentPostprocessing = 0;
		};
/* End PBXFrameworksBuildPhase section */

/* Begin PBXGroup section */
		68C2DD531BD42393003604BF = {
			isa = PBXGroup;
			children = (
				68C2DD881BD428F9003604BF /* libsqlite3.tbd */,
				68C2DD861BD428F3003604BF /* libz.tbd */,
				68C2DD8C1BD42916003604BF /* Bolts.framework */,
				68C2DD8A1BD42911003604BF /* Parse.framework */,
				68C2DD841BD428EC003604BF /* SystemConfiguration.framework */,
				68C2DD821BD428E4003604BF /* StoreKit.framework */,
				68C2DD801BD428E0003604BF /* Security.framework */,
				68C2DD7E1BD428D6003604BF /* QuartzCore.framework */,
				68C2DD7C1BD4280F003604BF /* CoreLocation.framework */,
				68C2DD7A1BD4280A003604BF /* CoreGraphics.framework */,
				68C2DD781BD42805003604BF /* CFNetwork.framework */,
				68C2DD761BD427FB003604BF /* AudioToolbox.framework */,
				68C2DD5E1BD42393003604BF /* Key Club */,
				68C2DD5D1BD42393003604BF /* Products */,
			);
			sourceTree = "<group>";
		};
		68C2DD5D1BD42393003604BF /* Products */ = {
			isa = PBXGroup;
			children = (
				68C2DD5C1BD42393003604BF /* Key Club.app */,
			);
			name = Products;
			sourceTree = "<group>";
		};
		68C2DD5E1BD42393003604BF /* Key Club */ = {
			isa = PBXGroup;
			children = (
				68C2DD621BD42393003604BF /* AppDelegate.h */,
				68C2DD631BD42393003604BF /* AppDelegate.m */,
				68C2DD651BD42393003604BF /* ViewController.h */,
				68C2DD661BD42393003604BF /* ViewController.m */,
				68C2DD681BD42393003604BF /* Main.storyboard */,
				68C2DD6B1BD42393003604BF /* Assets.xcassets */,
				68C2DD6D1BD42393003604BF /* LaunchScreen.storyboard */,
				68C2DD701BD42393003604BF /* Info.plist */,
				68C2DD5F1BD42393003604BF /* Supporting Files */,
			);
			path = "Key Club";
			sourceTree = "<group>";
		};
		68C2DD5F1BD42393003604BF /* Supporting Files */ = {
			isa = PBXGroup;
			children = (
				68C2DD601BD42393003604BF /* main.m */,
			);
			name = "Supporting Files";
			sourceTree = "<group>";
		};
/* End PBXGroup section */

/* Begin PBXNativeTarget section */
		68C2DD5B1BD42393003604BF /* Key Club */ = {
			isa = PBXNativeTarget;
			buildConfigurationList = 68C2DD731BD42393003604BF /* Build configuration list for PBXNativeTarget "Key Club" */;
			buildPhases = (
				68C2DD581BD42393003604BF /* Sources */,
				68C2DD591BD42393003604BF /* Frameworks */,
				68C2DD5A1BD42393003604BF /* Resources */,
			);
			buildRules = (
			);
			dependencies = (
			);
			name = "Key Club";
			productName = "Key Club";
			productReference = 68C2DD5C1BD42393003604BF /* Key Club.app */;
			productType = "com.apple.product-type.application";
		};
/* End PBXNativeTarget section */

/* Begin PBXProject section */
		68C2DD541BD42393003604BF /* Project object */ = {
			isa = PBXProject;
			attributes = {
				LastUpgradeCheck = 0700;
				ORGANIZATIONNAME = "NeoTechnica Corporation";
				TargetAttributes = {
					68C2DD5B1BD42393003604BF = {
						CreatedOnToolsVersion = 7.0.1;
					};
				};
			};
			buildConfigurationList = 68C2DD571BD42393003604BF /* Build configuration list for PBXProject "Key Club" */;
			compatibilityVersion = "Xcode 3.2";
			developmentRegion = English;
			hasScannedForEncodings = 0;
			knownRegions = (
				en,
				Base,
			);
			mainGroup = 68C2DD531BD42393003604BF;
			productRefGroup = 68C2DD5D1BD42393003604BF /* Products */;
			projectDirPath = "";
			projectRoot = "";
			targets = (
				68C2DD5B1BD42393003604BF /* Key Club */,
			);
		};
/* End PBXProject section */

/* Begin PBXResourcesBuildPhase section */
		68C2DD5A1BD42393003604BF /* Resources */ = {
			isa = PBXResourcesBuildPhase;
			buildActionMask = 2147483647;
			files = (
				68C2DD6F1BD42393003604BF /* LaunchScreen.storyboard in Resources */,
				68C2DD6C1BD42393003604BF /* Assets.xcassets in Resources */,
				68C2DD6A1BD42393003604BF /* Main.storyboard in Resources */,
			);
			runOnlyForDeploymentPostprocessing = 0;
		};
/* End PBXResourcesBuildPhase section */

/* Begin PBXSourcesBuildPhase section */
		68C2DD581BD42393003604BF /* Sources */ = {
			isa = PBXSourcesBuildPhase;
			buildActionMask = 2147483647;
			files = (
				68C2DD671BD42393003604BF /* ViewController.m in Sources */,
				68C2DD641BD42393003604BF /* AppDelegate.m in Sources */,
				68C2DD611BD42393003604BF /* main.m in Sources */,
			);
			runOnlyForDeploymentPostprocessing = 0;
		};
/* End PBXSourcesBuildPhase section */

/* Begin PBXVariantGroup section */
		68C2DD681BD42393003604BF /* Main.storyboard */ = {
			isa = PBXVariantGroup;
			children = (
				68C2DD691BD42393003604BF /* Base */,
			);
			name = Main.storyboard;
			sourceTree = "<group>";
		};
		68C2DD6D1BD42393003604BF /* LaunchScreen.storyboard */ = {
			isa = PBXVariantGroup;
			children = (
				68C2DD6E1BD42393003604BF /* Base */,
			);
			name = LaunchScreen.storyboard;
			sourceTree = "<group>";
		};
/* End PBXVariantGroup section */

/* Begin XCBuildConfiguration section */
		68C2DD711BD42393003604BF /* Debug */ = {
			isa = XCBuildConfiguration;
			buildSettings = {
				ALWAYS_SEARCH_USER_PATHS = NO;
				CLANG_CXX_LANGUAGE_STANDARD = "gnu++0x";
				CLANG_CXX_LIBRARY = "libc++";
				CLANG_ENABLE_MODULES = YES;
				CLANG_ENABLE_OBJC_ARC = YES;
				CLANG_WARN_BOOL_CONVERSION = YES;
				CLANG_WARN_CONSTANT_CONVERSION = YES;
				CLANG_WARN_DIRECT_OBJC_ISA_USAGE = YES_ERROR;
				CLANG_WARN_EMPTY_BODY = YES;
				CLANG_WARN_ENUM_CONVERSION = YES;
				CLANG_WARN_INT_CONVERSION = YES;
				CLANG_WARN_OBJC_ROOT_CLASS = YES_ERROR;
				CLANG_WARN_UNREACHABLE_CODE = YES;
				CLANG_WARN__DUPLICATE_METHOD_MATCH = YES;
				"CODE_SIGN_IDENTITY[sdk=iphoneos*]" = "iPhone Developer";
				COPY_PHASE_STRIP = NO;
				DEBUG_INFORMATION_FORMAT = dwarf;
				ENABLE_STRICT_OBJC_MSGSEND = YES;
				ENABLE_TESTABILITY = YES;
				GCC_C_LANGUAGE_STANDARD = gnu99;
				GCC_DYNAMIC_NO_PIC = NO;
				GCC_NO_COMMON_BLOCKS = YES;
				GCC_OPTIMIZATION_LEVEL = 0;
				GCC_PREPROCESSOR_DEFINITIONS = (
					"DEBUG=1",
					"$(inherited)",
				);
				GCC_WARN_64_TO_32_BIT_CONVERSION = YES;
				GCC_WARN_ABOUT_RETURN_TYPE = YES_ERROR;
				GCC_WARN_UNDECLARED_SELECTOR = YES;
				GCC_WARN_UNINITIALIZED_AUTOS = YES_AGGRESSIVE;
				GCC_WARN_UNUSED_FUNCTION = YES;
				GCC_WARN_UNUSED_VARIABLE = YES;
				IPHONEOS_DEPLOYMENT_TARGET = 9.0;
				MTL_ENABLE_DEBUG_INFO = YES;
				ONLY_ACTIVE_ARCH = YES;
				SDKROOT = iphoneos;
				TARGETED_DEVICE_FAMILY = "1,2";
			};
			name = Debug;
		};
		68C2DD721BD42393003604BF /* Release */ = {
			isa = XCBuildConfiguration;
			buildSettings = {
				ALWAYS_SEARCH_USER_PATHS = NO;
				CLANG_CXX_LANGUAGE_STANDARD = "gnu++0x";
				CLANG_CXX_LIBRARY = "libc++";
				CLANG_ENABLE_MODULES = YES;
				CLANG_ENABLE_OBJC_ARC = YES;
				CLANG_WARN_BOOL_CONVERSION = YES;
				CLANG_WARN_CONSTANT_CONVERSION = YES;
				CLANG_WARN_DIRECT_OBJC_ISA_USAGE = YES_ERROR;
				CLANG_WARN_EMPTY_BODY = YES;
				CLANG_WARN_ENUM_CONVERSION = YES;
				CLANG_WARN_INT_CONVERSION = YES;
				CLANG_WARN_OBJC_ROOT_CLASS = YES_ERROR;
				CLANG_WARN_UNREACHABLE_CODE = YES;
				CLANG_WARN__DUPLICATE_METHOD_MATCH = YES;
				"CODE_SIGN_IDENTITY[sdk=iphoneos*]" = "iPhone Developer";
				COPY_PHASE_STRIP = NO;
				DEBUG_INFORMATION_FORMAT = "dwarf-with-dsym";
				ENABLE_NS_ASSERTIONS = NO;
				ENABLE_STRICT_OBJC_MSGSEND = YES;
				GCC_C_LANGUAGE_STANDARD = gnu99;
				GCC_NO_COMMON_BLOCKS = YES;
				GCC_WARN_64_TO_32_BIT_CONVERSION = YES;
				GCC_WARN_ABOUT_RETURN_TYPE = YES_ERROR;
				GCC_WARN_UNDECLARED_SELECTOR = YES;
				GCC_WARN_UNINITIALIZED_AUTOS = YES_AGGRESSIVE;
				GCC_WARN_UNUSED_FUNCTION = YES;
				GCC_WARN_UNUSED_VARIABLE = YES;
				IPHONEOS_DEPLOYMENT_TARGET = 9.0;
				MTL_ENABLE_DEBUG_INFO = NO;
				SDKROOT = iphoneos;
				TARGETED_DEVICE_FAMILY = "1,2";
				VALIDATE_PRODUCT = YES;
			};
			name = Release;
		};
		68C2DD741BD42393003604BF /* Debug */ = {
			isa = XCBuildConfiguration;
			buildSettings = {
				ASSETCATALOG_COMPILER_APPICON_NAME = AppIcon;
				FRAMEWORK_SEARCH_PATHS = (
					"$(inherited)",
					"$(PROJECT_DIR)",
				);
				INFOPLIST_FILE = "Key Club/Info.plist";
				LD_RUNPATH_SEARCH_PATHS = "$(inherited) @executable_path/Frameworks";
				PRODUCT_BUNDLE_IDENTIFIER = "com.neotechnica.Key-Club";
				PRODUCT_NAME = "$(TARGET_NAME)";
			};
			name = Debug;
		};
		68C2DD751BD42393003604BF /* Release */ = {
			isa = XCBuildConfiguration;
			buildSettings = {
				ASSETCATALOG_COMPILER_APPICON_NAME = AppIcon;
				FRAMEWORK_SEARCH_PATHS = (
					"$(inherited)",
					"$(PROJECT_DIR)",
				);
				INFOPLIST_FILE = "Key Club/Info.plist";
				LD_RUNPATH_SEARCH_PATHS = "$(inherited) @executable_path/Frameworks";
				PRODUCT_BUNDLE_IDENTIFIER = "com.neotechnica.Key-Club";
				PRODUCT_NAME = "$(TARGET_NAME)";
			};
			name = Release;
		};
/* End XCBuildConfiguration section */

/* Begin XCConfigurationList section */
		68C2DD571BD42393003604BF /* Build configuration list for PBXProject "Key Club" */ = {
			isa = XCConfigurationList;
			buildConfigurations = (
				68C2DD711BD42393003604BF /* Debug */,
				68C2DD721BD42393003604BF /* Release */,
			);
			defaultConfigurationIsVisible = 0;
			defaultConfigurationName = Release;
		};
		68C2DD731BD42393003604BF /* Build configuration list for PBXNativeTarget "Key Club" */ = {
			isa = XCConfigurationList;
			buildConfigurations = (
				68C2DD741BD42393003604BF /* Debug */,
				68C2DD751BD42393003604BF /* Release */,
			);
			defaultConfigurationIsVisible = 0;
		};
/* End XCConfigurationList section */
	};
	rootObject = 68C2DD541BD42393003604BF /* Project object */;
}
